
Microsoft Visual Studio Solution File, Format Version 12.00
# Visual Studio 15
VisualStudioVersion = 15.0.27130.2010
MinimumVisualStudioVersion = 10.0.40219.1
Project("{FAE04EC0-301F-11D3-BF4B-00C04F79EFBC}") = "LilLego", "LilLego.csproj", "{330A636B-FEF2-4C63-A62B-0FB6FCED1503}"
EndProject
Global
	GlobalSection(SolutionConfigurationPlatforms) = preSolution
		Debug|Any CPU = Debug|Any CPU
		Release|Any CPU = Release|Any CPU
	EndGlobalSection
	GlobalSection(ProjectConfigurationPlatforms) = postSolution
		{330A636B-FEF2-4C63-A62B-0FB6FCED1503}.Debug|Any CPU.ActiveCfg = Debug|Any CPU
		{330A636B-FEF2-4C63-A62B-0FB6FCED1503}.Debug|Any CPU.Build.0 = Debug|Any CPU
		{330A636B-FEF2-4C63-A62B-0FB6FCED1503}.Release|Any CPU.ActiveCfg = Release|Any CPU
		{330A636B-FEF2-4C63-A62B-0FB6FCED1503}.Release|Any CPU.Build.0 = Release|Any CPU
	EndGlobalSection
	GlobalSection(SolutionProperties) = preSolution
		HideSolutionNode = FALSE
	EndGlobalSection
	GlobalSection(ExtensibilityGlobals) = postSolution
		SolutionGuid = {2E5102EF-BA30-475A-BDF2-83329DBACC4C}
	EndGlobalSection
EndGlobal
